
Microsoft Visual Studio Solution File, Format Version 12.00
# Visual Studio Version 17
VisualStudioVersion = 17.11.35219.272
MinimumVisualStudioVersion = 10.0.40219.1
Project("{FAE04EC0-301F-11D3-BF4B-00C04F79EFBC}") = "MinhHoaMaHoaLai", "MinhHoaMaHoaLai\MinhHoaMaHoaLai.csproj", "{17731A08-9D1E-4209-9CA3-DE482053DFF1}"
EndProject
Global
	GlobalSection(SolutionConfigurationPlatforms) = preSolution
		Debug|Any CPU = Debug|Any CPU
		Release|Any CPU = Release|Any CPU
	EndGlobalSection
	GlobalSection(ProjectConfigurationPlatforms) = postSolution
		{17731A08-9D1E-4209-9CA3-DE482053DFF1}.Debug|Any CPU.ActiveCfg = Debug|Any CPU
		{17731A08-9D1E-4209-9CA3-DE482053DFF1}.Debug|Any CPU.Build.0 = Debug|Any CPU
		{17731A08-9D1E-4209-9CA3-DE482053DFF1}.Release|Any CPU.ActiveCfg = Release|Any CPU
		{17731A08-9D1E-4209-9CA3-DE482053DFF1}.Release|Any CPU.Build.0 = Release|Any CPU
	EndGlobalSection
	GlobalSection(SolutionProperties) = preSolution
		HideSolutionNode = FALSE
	EndGlobalSection
	GlobalSection(ExtensibilityGlobals) = postSolution
		SolutionGuid = {91822ED3-9AEA-4334-8AC0-7CE67700DB78}
	EndGlobalSection
EndGlobal
